// !$*UTF8*$!
{
	archiveVersion = 1;
	classes = {
	};
	objectVersion = 56;
	objects = {

/* Begin PBXBuildFile section */
		1762C7CD29D04485004CC9F7 /* Transactional_Key_Value_StoreApp.swift in Sources */ = {isa = PBXBuildFile; fileRef = 1762C7CC29D04485004CC9F7 /* Transactional_Key_Value_StoreApp.swift */; };
		1762C7CF29D04485004CC9F7 /* ConsoleView.swift in Sources */ = {isa = PBXBuildFile; fileRef = 1762C7CE29D04485004CC9F7 /* ConsoleView.swift */; };
		1762C7D129D04486004CC9F7 /* Assets.xcassets in Resources */ = {isa = PBXBuildFile; fileRef = 1762C7D029D04486004CC9F7 /* Assets.xcassets */; };
		1762C7D529D04486004CC9F7 /* Preview Assets.xcassets in Resources */ = {isa = PBXBuildFile; fileRef = 1762C7D429D04486004CC9F7 /* Preview Assets.xcassets */; };
		1762C7FA29D0471E004CC9F7 /* StoreInterface.swift in Sources */ = {isa = PBXBuildFile; fileRef = 1762C7F929D0471E004CC9F7 /* StoreInterface.swift */; };
		1762C7FC29D04756004CC9F7 /* VirtualStore.swift in Sources */ = {isa = PBXBuildFile; fileRef = 1762C7FB29D04756004CC9F7 /* VirtualStore.swift */; };
		1762C7FE29D047B1004CC9F7 /* VirtualStoreTests.swift in Sources */ = {isa = PBXBuildFile; fileRef = 1762C7FD29D047B1004CC9F7 /* VirtualStoreTests.swift */; };
		1762C80029D04A19004CC9F7 /* ConsoleViewModel.swift in Sources */ = {isa = PBXBuildFile; fileRef = 1762C7FF29D04A19004CC9F7 /* ConsoleViewModel.swift */; };
		1762C80529D04C09004CC9F7 /* CommandExecutorInterface.swift in Sources */ = {isa = PBXBuildFile; fileRef = 1762C80429D04C09004CC9F7 /* CommandExecutorInterface.swift */; };
		1762C80729D04C44004CC9F7 /* StoreCommandExecutor.swift in Sources */ = {isa = PBXBuildFile; fileRef = 1762C80629D04C44004CC9F7 /* StoreCommandExecutor.swift */; };
		1762C80C29D04DB0004CC9F7 /* ConsoleViewModelTests.swift in Sources */ = {isa = PBXBuildFile; fileRef = 1762C80B29D04DB0004CC9F7 /* ConsoleViewModelTests.swift */; };
		1762C80F29D04DE1004CC9F7 /* StoreCommandExecutorTests.swift in Sources */ = {isa = PBXBuildFile; fileRef = 1762C80E29D04DE1004CC9F7 /* StoreCommandExecutorTests.swift */; };
		1762C81129D05028004CC9F7 /* StoreInstanceSpy.swift in Sources */ = {isa = PBXBuildFile; fileRef = 1762C81029D05028004CC9F7 /* StoreInstanceSpy.swift */; };
		1762C81429D05350004CC9F7 /* Log.swift in Sources */ = {isa = PBXBuildFile; fileRef = 1762C81329D05350004CC9F7 /* Log.swift */; };
		1762C81629D05478004CC9F7 /* LogRowView.swift in Sources */ = {isa = PBXBuildFile; fileRef = 1762C81529D05478004CC9F7 /* LogRowView.swift */; };
/* End PBXBuildFile section */

/* Begin PBXContainerItemProxy section */
		1762C7DB29D04486004CC9F7 /* PBXContainerItemProxy */ = {
			isa = PBXContainerItemProxy;
			containerPortal = 1762C7C129D04485004CC9F7 /* Project object */;
			proxyType = 1;
			remoteGlobalIDString = 1762C7C829D04485004CC9F7;
			remoteInfo = "Transactional-Key-Value-Store";
		};
/* End PBXContainerItemProxy section */

/* Begin PBXFileReference section */
		1762C7C929D04485004CC9F7 /* Transactional-Key-Value-Store.app */ = {isa = PBXFileReference; explicitFileType = wrapper.application; includeInIndex = 0; path = "Transactional-Key-Value-Store.app"; sourceTree = BUILT_PRODUCTS_DIR; };
		1762C7CC29D04485004CC9F7 /* Transactional_Key_Value_StoreApp.swift */ = {isa = PBXFileReference; lastKnownFileType = sourcecode.swift; path = Transactional_Key_Value_StoreApp.swift; sourceTree = "<group>"; };
		1762C7CE29D04485004CC9F7 /* ConsoleView.swift */ = {isa = PBXFileReference; lastKnownFileType = sourcecode.swift; path = ConsoleView.swift; sourceTree = "<group>"; };
		1762C7D029D04486004CC9F7 /* Assets.xcassets */ = {isa = PBXFileReference; lastKnownFileType = folder.assetcatalog; path = Assets.xcassets; sourceTree = "<group>"; };
		1762C7D229D04486004CC9F7 /* Transactional_Key_Value_Store.entitlements */ = {isa = PBXFileReference; lastKnownFileType = text.plist.entitlements; path = Transactional_Key_Value_Store.entitlements; sourceTree = "<group>"; };
		1762C7D429D04486004CC9F7 /* Preview Assets.xcassets */ = {isa = PBXFileReference; lastKnownFileType = folder.assetcatalog; path = "Preview Assets.xcassets"; sourceTree = "<group>"; };
		1762C7DA29D04486004CC9F7 /* Transactional-Key-Value-StoreTests.xctest */ = {isa = PBXFileReference; explicitFileType = wrapper.cfbundle; includeInIndex = 0; path = "Transactional-Key-Value-StoreTests.xctest"; sourceTree = BUILT_PRODUCTS_DIR; };
		1762C7F929D0471E004CC9F7 /* StoreInterface.swift */ = {isa = PBXFileReference; lastKnownFileType = sourcecode.swift; path = StoreInterface.swift; sourceTree = "<group>"; };
		1762C7FB29D04756004CC9F7 /* VirtualStore.swift */ = {isa = PBXFileReference; lastKnownFileType = sourcecode.swift; path = VirtualStore.swift; sourceTree = "<group>"; };
		1762C7FD29D047B1004CC9F7 /* VirtualStoreTests.swift */ = {isa = PBXFileReference; lastKnownFileType = sourcecode.swift; path = VirtualStoreTests.swift; sourceTree = "<group>"; };
		1762C7FF29D04A19004CC9F7 /* ConsoleViewModel.swift */ = {isa = PBXFileReference; lastKnownFileType = sourcecode.swift; path = ConsoleViewModel.swift; sourceTree = "<group>"; };
		1762C80429D04C09004CC9F7 /* CommandExecutorInterface.swift */ = {isa = PBXFileReference; lastKnownFileType = sourcecode.swift; path = CommandExecutorInterface.swift; sourceTree = "<group>"; };
		1762C80629D04C44004CC9F7 /* StoreCommandExecutor.swift */ = {isa = PBXFileReference; lastKnownFileType = sourcecode.swift; path = StoreCommandExecutor.swift; sourceTree = "<group>"; };
		1762C80B29D04DB0004CC9F7 /* ConsoleViewModelTests.swift */ = {isa = PBXFileReference; lastKnownFileType = sourcecode.swift; path = ConsoleViewModelTests.swift; sourceTree = "<group>"; };
		1762C80E29D04DE1004CC9F7 /* StoreCommandExecutorTests.swift */ = {isa = PBXFileReference; lastKnownFileType = sourcecode.swift; path = StoreCommandExecutorTests.swift; sourceTree = "<group>"; };
		1762C81029D05028004CC9F7 /* StoreInstanceSpy.swift */ = {isa = PBXFileReference; lastKnownFileType = sourcecode.swift; path = StoreInstanceSpy.swift; sourceTree = "<group>"; };
		1762C81329D05350004CC9F7 /* Log.swift */ = {isa = PBXFileReference; lastKnownFileType = sourcecode.swift; path = Log.swift; sourceTree = "<group>"; };
		1762C81529D05478004CC9F7 /* LogRowView.swift */ = {isa = PBXFileReference; lastKnownFileType = sourcecode.swift; path = LogRowView.swift; sourceTree = "<group>"; };
/* End PBXFileReference section */

/* Begin PBXFrameworksBuildPhase section */
		1762C7C629D04485004CC9F7 /* Frameworks */ = {
			isa = PBXFrameworksBuildPhase;
			buildActionMask = 2147483647;
			files = (
			);
			runOnlyForDeploymentPostprocessing = 0;
		};
		1762C7D729D04486004CC9F7 /* Frameworks */ = {
			isa = PBXFrameworksBuildPhase;
			buildActionMask = 2147483647;
			files = (
			);
			runOnlyForDeploymentPostprocessing = 0;
		};
/* End PBXFrameworksBuildPhase section */

/* Begin PBXGroup section */
		1762C7C029D04485004CC9F7 = {
			isa = PBXGroup;
			children = (
				1762C7CB29D04485004CC9F7 /* Transactional-Key-Value-Store */,
				1762C7DD29D04486004CC9F7 /* Transactional-Key-Value-StoreTests */,
				1762C7CA29D04485004CC9F7 /* Products */,
			);
			sourceTree = "<group>";
		};
		1762C7CA29D04485004CC9F7 /* Products */ = {
			isa = PBXGroup;
			children = (
				1762C7C929D04485004CC9F7 /* Transactional-Key-Value-Store.app */,
				1762C7DA29D04486004CC9F7 /* Transactional-Key-Value-StoreTests.xctest */,
			);
			name = Products;
			sourceTree = "<group>";
		};
		1762C7CB29D04485004CC9F7 /* Transactional-Key-Value-Store */ = {
			isa = PBXGroup;
			children = (
				1762C80329D04BF0004CC9F7 /* Worker */,
				1762C80229D04BD4004CC9F7 /* Repository */,
				1762C80129D04BC8004CC9F7 /* Scene */,
				1762C7CC29D04485004CC9F7 /* Transactional_Key_Value_StoreApp.swift */,
				1762C7D029D04486004CC9F7 /* Assets.xcassets */,
				1762C7D229D04486004CC9F7 /* Transactional_Key_Value_Store.entitlements */,
				1762C7D329D04486004CC9F7 /* Preview Content */,
			);
			path = "Transactional-Key-Value-Store";
			sourceTree = "<group>";
		};
		1762C7D329D04486004CC9F7 /* Preview Content */ = {
			isa = PBXGroup;
			children = (
				1762C7D429D04486004CC9F7 /* Preview Assets.xcassets */,
			);
			path = "Preview Content";
			sourceTree = "<group>";
		};
		1762C7DD29D04486004CC9F7 /* Transactional-Key-Value-StoreTests */ = {
			isa = PBXGroup;
			children = (
				1762C80D29D04DCE004CC9F7 /* Worker */,
				1762C80A29D04D93004CC9F7 /* Scene */,
				1762C80829D04D70004CC9F7 /* Repository */,
				1762C81029D05028004CC9F7 /* StoreInstanceSpy.swift */,
			);
			path = "Transactional-Key-Value-StoreTests";
			sourceTree = "<group>";
		};
		1762C7F729D046C0004CC9F7 /* Model */ = {
			isa = PBXGroup;
			children = (
			);
			path = Model;
			sourceTree = "<group>";
		};
		1762C7F829D046FE004CC9F7 /* Store */ = {
			isa = PBXGroup;
			children = (
				1762C7F929D0471E004CC9F7 /* StoreInterface.swift */,
				1762C7FB29D04756004CC9F7 /* VirtualStore.swift */,
			);
			path = Store;
			sourceTree = "<group>";
		};
		1762C80129D04BC8004CC9F7 /* Scene */ = {
			isa = PBXGroup;
			children = (
				1762C81229D05340004CC9F7 /* Model */,
				1762C7CE29D04485004CC9F7 /* ConsoleView.swift */,
				1762C81529D05478004CC9F7 /* LogRowView.swift */,
				1762C7FF29D04A19004CC9F7 /* ConsoleViewModel.swift */,
			);
			path = Scene;
			sourceTree = "<group>";
		};
		1762C80229D04BD4004CC9F7 /* Repository */ = {
			isa = PBXGroup;
			children = (
				1762C7F829D046FE004CC9F7 /* Store */,
				1762C7F729D046C0004CC9F7 /* Model */,
			);
			path = Repository;
			sourceTree = "<group>";
		};
		1762C80329D04BF0004CC9F7 /* Worker */ = {
			isa = PBXGroup;
			children = (
				1762C80429D04C09004CC9F7 /* CommandExecutorInterface.swift */,
				1762C80629D04C44004CC9F7 /* StoreCommandExecutor.swift */,
			);
			path = Worker;
			sourceTree = "<group>";
		};
		1762C80829D04D70004CC9F7 /* Repository */ = {
			isa = PBXGroup;
			children = (
				1762C80929D04D8A004CC9F7 /* Store */,
			);
			path = Repository;
			sourceTree = "<group>";
		};
		1762C80929D04D8A004CC9F7 /* Store */ = {
			isa = PBXGroup;
			children = (
				1762C7FD29D047B1004CC9F7 /* VirtualStoreTests.swift */,
			);
			path = Store;
			sourceTree = "<group>";
		};
		1762C80A29D04D93004CC9F7 /* Scene */ = {
			isa = PBXGroup;
			children = (
				1762C80B29D04DB0004CC9F7 /* ConsoleViewModelTests.swift */,
			);
			path = Scene;
			sourceTree = "<group>";
		};
		1762C80D29D04DCE004CC9F7 /* Worker */ = {
			isa = PBXGroup;
			children = (
				1762C80E29D04DE1004CC9F7 /* StoreCommandExecutorTests.swift */,
			);
			path = Worker;
			sourceTree = "<group>";
		};
		1762C81229D05340004CC9F7 /* Model */ = {
			isa = PBXGroup;
			children = (
				1762C81329D05350004CC9F7 /* Log.swift */,
			);
			path = Model;
			sourceTree = "<group>";
		};
/* End PBXGroup section */

/* Begin PBXNativeTarget section */
		1762C7C829D04485004CC9F7 /* Transactional-Key-Value-Store */ = {
			isa = PBXNativeTarget;
			buildConfigurationList = 1762C7EE29D04486004CC9F7 /* Build configuration list for PBXNativeTarget "Transactional-Key-Value-Store" */;
			buildPhases = (
				1762C7C529D04485004CC9F7 /* Sources */,
				1762C7C629D04485004CC9F7 /* Frameworks */,
				1762C7C729D04485004CC9F7 /* Resources */,
			);
			buildRules = (
			);
			dependencies = (
			);
			name = "Transactional-Key-Value-Store";
			productName = "Transactional-Key-Value-Store";
			productReference = 1762C7C929D04485004CC9F7 /* Transactional-Key-Value-Store.app */;
			productType = "com.apple.product-type.application";
		};
		1762C7D929D04486004CC9F7 /* Transactional-Key-Value-StoreTests */ = {
			isa = PBXNativeTarget;
			buildConfigurationList = 1762C7F129D04486004CC9F7 /* Build configuration list for PBXNativeTarget "Transactional-Key-Value-StoreTests" */;
			buildPhases = (
				1762C7D629D04486004CC9F7 /* Sources */,
				1762C7D729D04486004CC9F7 /* Frameworks */,
				1762C7D829D04486004CC9F7 /* Resources */,
			);
			buildRules = (
			);
			dependencies = (
				1762C7DC29D04486004CC9F7 /* PBXTargetDependency */,
			);
			name = "Transactional-Key-Value-StoreTests";
			productName = "Transactional-Key-Value-StoreTests";
			productReference = 1762C7DA29D04486004CC9F7 /* Transactional-Key-Value-StoreTests.xctest */;
			productType = "com.apple.product-type.bundle.unit-test";
		};
/* End PBXNativeTarget section */

/* Begin PBXProject section */
		1762C7C129D04485004CC9F7 /* Project object */ = {
			isa = PBXProject;
			attributes = {
				BuildIndependentTargetsInParallel = 1;
				LastSwiftUpdateCheck = 1420;
				LastUpgradeCheck = 1420;
				TargetAttributes = {
					1762C7C829D04485004CC9F7 = {
						CreatedOnToolsVersion = 14.2;
					};
					1762C7D929D04486004CC9F7 = {
						CreatedOnToolsVersion = 14.2;
						TestTargetID = 1762C7C829D04485004CC9F7;
					};
				};
			};
			buildConfigurationList = 1762C7C429D04485004CC9F7 /* Build configuration list for PBXProject "Transactional-Key-Value-Store" */;
			compatibilityVersion = "Xcode 14.0";
			developmentRegion = en;
			hasScannedForEncodings = 0;
			knownRegions = (
				en,
				Base,
			);
			mainGroup = 1762C7C029D04485004CC9F7;
			productRefGroup = 1762C7CA29D04485004CC9F7 /* Products */;
			projectDirPath = "";
			projectRoot = "";
			targets = (
				1762C7C829D04485004CC9F7 /* Transactional-Key-Value-Store */,
				1762C7D929D04486004CC9F7 /* Transactional-Key-Value-StoreTests */,
			);
		};
/* End PBXProject section */

/* Begin PBXResourcesBuildPhase section */
		1762C7C729D04485004CC9F7 /* Resources */ = {
			isa = PBXResourcesBuildPhase;
			buildActionMask = 2147483647;
			files = (
				1762C7D529D04486004CC9F7 /* Preview Assets.xcassets in Resources */,
				1762C7D129D04486004CC9F7 /* Assets.xcassets in Resources */,
			);
			runOnlyForDeploymentPostprocessing = 0;
		};
		1762C7D829D04486004CC9F7 /* Resources */ = {
			isa = PBXResourcesBuildPhase;
			buildActionMask = 2147483647;
			files = (
			);
			runOnlyForDeploymentPostprocessing = 0;
		};
/* End PBXResourcesBuildPhase section */

/* Begin PBXSourcesBuildPhase section */
		1762C7C529D04485004CC9F7 /* Sources */ = {
			isa = PBXSourcesBuildPhase;
			buildActionMask = 2147483647;
			files = (
				1762C7CF29D04485004CC9F7 /* ConsoleView.swift in Sources */,
				1762C7FC29D04756004CC9F7 /* VirtualStore.swift in Sources */,
				1762C80529D04C09004CC9F7 /* CommandExecutorInterface.swift in Sources */,
				1762C80729D04C44004CC9F7 /* StoreCommandExecutor.swift in Sources */,
				1762C80029D04A19004CC9F7 /* ConsoleViewModel.swift in Sources */,
				1762C7FA29D0471E004CC9F7 /* StoreInterface.swift in Sources */,
				1762C81429D05350004CC9F7 /* Log.swift in Sources */,
				1762C7CD29D04485004CC9F7 /* Transactional_Key_Value_StoreApp.swift in Sources */,
				1762C81629D05478004CC9F7 /* LogRowView.swift in Sources */,
			);
			runOnlyForDeploymentPostprocessing = 0;
		};
		1762C7D629D04486004CC9F7 /* Sources */ = {
			isa = PBXSourcesBuildPhase;
			buildActionMask = 2147483647;
			files = (
				1762C80F29D04DE1004CC9F7 /* StoreCommandExecutorTests.swift in Sources */,
				1762C81129D05028004CC9F7 /* StoreInstanceSpy.swift in Sources */,
				1762C80C29D04DB0004CC9F7 /* ConsoleViewModelTests.swift in Sources */,
				1762C7FE29D047B1004CC9F7 /* VirtualStoreTests.swift in Sources */,
			);
			runOnlyForDeploymentPostprocessing = 0;
		};
/* End PBXSourcesBuildPhase section */

/* Begin PBXTargetDependency section */
		1762C7DC29D04486004CC9F7 /* PBXTargetDependency */ = {
			isa = PBXTargetDependency;
			target = 1762C7C829D04485004CC9F7 /* Transactional-Key-Value-Store */;
			targetProxy = 1762C7DB29D04486004CC9F7 /* PBXContainerItemProxy */;
		};
/* End PBXTargetDependency section */

/* Begin XCBuildConfiguration section */
		1762C7EC29D04486004CC9F7 /* Debug */ = {
			isa = XCBuildConfiguration;
			buildSettings = {
				ALWAYS_SEARCH_USER_PATHS = NO;
				CLANG_ANALYZER_NONNULL = YES;
				CLANG_ANALYZER_NUMBER_OBJECT_CONVERSION = YES_AGGRESSIVE;
				CLANG_CXX_LANGUAGE_STANDARD = "gnu++20";
				CLANG_ENABLE_MODULES = YES;
				CLANG_ENABLE_OBJC_ARC = YES;
				CLANG_ENABLE_OBJC_WEAK = YES;
				CLANG_WARN_BLOCK_CAPTURE_AUTORELEASING = YES;
				CLANG_WARN_BOOL_CONVERSION = YES;
				CLANG_WARN_COMMA = YES;
				CLANG_WARN_CONSTANT_CONVERSION = YES;
				CLANG_WARN_DEPRECATED_OBJC_IMPLEMENTATIONS = YES;
				CLANG_WARN_DIRECT_OBJC_ISA_USAGE = YES_ERROR;
				CLANG_WARN_DOCUMENTATION_COMMENTS = YES;
				CLANG_WARN_EMPTY_BODY = YES;
				CLANG_WARN_ENUM_CONVERSION = YES;
				CLANG_WARN_INFINITE_RECURSION = YES;
				CLANG_WARN_INT_CONVERSION = YES;
				CLANG_WARN_NON_LITERAL_NULL_CONVERSION = YES;
				CLANG_WARN_OBJC_IMPLICIT_RETAIN_SELF = YES;
				CLANG_WARN_OBJC_LITERAL_CONVERSION = YES;
				CLANG_WARN_OBJC_ROOT_CLASS = YES_ERROR;
				CLANG_WARN_QUOTED_INCLUDE_IN_FRAMEWORK_HEADER = YES;
				CLANG_WARN_RANGE_LOOP_ANALYSIS = YES;
				CLANG_WARN_STRICT_PROTOTYPES = YES;
				CLANG_WARN_SUSPICIOUS_MOVE = YES;
				CLANG_WARN_UNGUARDED_AVAILABILITY = YES_AGGRESSIVE;
				CLANG_WARN_UNREACHABLE_CODE = YES;
				CLANG_WARN__DUPLICATE_METHOD_MATCH = YES;
				COPY_PHASE_STRIP = NO;
				DEBUG_INFORMATION_FORMAT = dwarf;
				ENABLE_STRICT_OBJC_MSGSEND = YES;
				ENABLE_TESTABILITY = YES;
				GCC_C_LANGUAGE_STANDARD = gnu11;
				GCC_DYNAMIC_NO_PIC = NO;
				GCC_NO_COMMON_BLOCKS = YES;
				GCC_OPTIMIZATION_LEVEL = 0;
				GCC_PREPROCESSOR_DEFINITIONS = (
					"DEBUG=1",
					"$(inherited)",
				);
				GCC_WARN_64_TO_32_BIT_CONVERSION = YES;
				GCC_WARN_ABOUT_RETURN_TYPE = YES_ERROR;
				GCC_WARN_UNDECLARED_SELECTOR = YES;
				GCC_WARN_UNINITIALIZED_AUTOS = YES_AGGRESSIVE;
				GCC_WARN_UNUSED_FUNCTION = YES;
				GCC_WARN_UNUSED_VARIABLE = YES;
				MTL_ENABLE_DEBUG_INFO = INCLUDE_SOURCE;
				MTL_FAST_MATH = YES;
				ONLY_ACTIVE_ARCH = YES;
				SWIFT_ACTIVE_COMPILATION_CONDITIONS = DEBUG;
				SWIFT_OPTIMIZATION_LEVEL = "-Onone";
			};
			name = Debug;
		};
		1762C7ED29D04486004CC9F7 /* Release */ = {
			isa = XCBuildConfiguration;
			buildSettings = {
				ALWAYS_SEARCH_USER_PATHS = NO;
				CLANG_ANALYZER_NONNULL = YES;
				CLANG_ANALYZER_NUMBER_OBJECT_CONVERSION = YES_AGGRESSIVE;
				CLANG_CXX_LANGUAGE_STANDARD = "gnu++20";
				CLANG_ENABLE_MODULES = YES;
				CLANG_ENABLE_OBJC_ARC = YES;
				CLANG_ENABLE_OBJC_WEAK = YES;
				CLANG_WARN_BLOCK_CAPTURE_AUTORELEASING = YES;
				CLANG_WARN_BOOL_CONVERSION = YES;
				CLANG_WARN_COMMA = YES;
				CLANG_WARN_CONSTANT_CONVERSION = YES;
				CLANG_WARN_DEPRECATED_OBJC_IMPLEMENTATIONS = YES;
				CLANG_WARN_DIRECT_OBJC_ISA_USAGE = YES_ERROR;
				CLANG_WARN_DOCUMENTATION_COMMENTS = YES;
				CLANG_WARN_EMPTY_BODY = YES;
				CLANG_WARN_ENUM_CONVERSION = YES;
				CLANG_WARN_INFINITE_RECURSION = YES;
				CLANG_WARN_INT_CONVERSION = YES;
				CLANG_WARN_NON_LITERAL_NULL_CONVERSION = YES;
				CLANG_WARN_OBJC_IMPLICIT_RETAIN_SELF = YES;
				CLANG_WARN_OBJC_LITERAL_CONVERSION = YES;
				CLANG_WARN_OBJC_ROOT_CLASS = YES_ERROR;
				CLANG_WARN_QUOTED_INCLUDE_IN_FRAMEWORK_HEADER = YES;
				CLANG_WARN_RANGE_LOOP_ANALYSIS = YES;
				CLANG_WARN_STRICT_PROTOTYPES = YES;
				CLANG_WARN_SUSPICIOUS_MOVE = YES;
				CLANG_WARN_UNGUARDED_AVAILABILITY = YES_AGGRESSIVE;
				CLANG_WARN_UNREACHABLE_CODE = YES;
				CLANG_WARN__DUPLICATE_METHOD_MATCH = YES;
				COPY_PHASE_STRIP = NO;
				DEBUG_INFORMATION_FORMAT = "dwarf-with-dsym";
				ENABLE_NS_ASSERTIONS = NO;
				ENABLE_STRICT_OBJC_MSGSEND = YES;
				GCC_C_LANGUAGE_STANDARD = gnu11;
				GCC_NO_COMMON_BLOCKS = YES;
				GCC_WARN_64_TO_32_BIT_CONVERSION = YES;
				GCC_WARN_ABOUT_RETURN_TYPE = YES_ERROR;
				GCC_WARN_UNDECLARED_SELECTOR = YES;
				GCC_WARN_UNINITIALIZED_AUTOS = YES_AGGRESSIVE;
				GCC_WARN_UNUSED_FUNCTION = YES;
				GCC_WARN_UNUSED_VARIABLE = YES;
				MTL_ENABLE_DEBUG_INFO = NO;
				MTL_FAST_MATH = YES;
				SWIFT_COMPILATION_MODE = wholemodule;
				SWIFT_OPTIMIZATION_LEVEL = "-O";
			};
			name = Release;
		};
		1762C7EF29D04486004CC9F7 /* Debug */ = {
			isa = XCBuildConfiguration;
			buildSettings = {
				ASSETCATALOG_COMPILER_APPICON_NAME = AppIcon;
				ASSETCATALOG_COMPILER_GLOBAL_ACCENT_COLOR_NAME = AccentColor;
				CODE_SIGN_ENTITLEMENTS = "Transactional-Key-Value-Store/Transactional_Key_Value_Store.entitlements";
				CODE_SIGN_STYLE = Automatic;
				CURRENT_PROJECT_VERSION = 1;
				DEVELOPMENT_ASSET_PATHS = "\"Transactional-Key-Value-Store/Preview Content\"";
				ENABLE_PREVIEWS = YES;
				GENERATE_INFOPLIST_FILE = YES;
				"INFOPLIST_KEY_UIApplicationSceneManifest_Generation[sdk=iphoneos*]" = YES;
				"INFOPLIST_KEY_UIApplicationSceneManifest_Generation[sdk=iphonesimulator*]" = YES;
				"INFOPLIST_KEY_UIApplicationSupportsIndirectInputEvents[sdk=iphoneos*]" = YES;
				"INFOPLIST_KEY_UIApplicationSupportsIndirectInputEvents[sdk=iphonesimulator*]" = YES;
				"INFOPLIST_KEY_UILaunchScreen_Generation[sdk=iphoneos*]" = YES;
				"INFOPLIST_KEY_UILaunchScreen_Generation[sdk=iphonesimulator*]" = YES;
				"INFOPLIST_KEY_UIStatusBarStyle[sdk=iphoneos*]" = UIStatusBarStyleDefault;
				"INFOPLIST_KEY_UIStatusBarStyle[sdk=iphonesimulator*]" = UIStatusBarStyleDefault;
				INFOPLIST_KEY_UISupportedInterfaceOrientations_iPad = "UIInterfaceOrientationPortrait UIInterfaceOrientationPortraitUpsideDown UIInterfaceOrientationLandscapeLeft UIInterfaceOrientationLandscapeRight";
				INFOPLIST_KEY_UISupportedInterfaceOrientations_iPhone = "UIInterfaceOrientationPortrait UIInterfaceOrientationLandscapeLeft UIInterfaceOrientationLandscapeRight";
				IPHONEOS_DEPLOYMENT_TARGET = 16.2;
				LD_RUNPATH_SEARCH_PATHS = "@executable_path/Frameworks";
				"LD_RUNPATH_SEARCH_PATHS[sdk=macosx*]" = "@executable_path/../Frameworks";
				MACOSX_DEPLOYMENT_TARGET = 12.6;
				MARKETING_VERSION = 1.0;
				PRODUCT_BUNDLE_IDENTIFIER = "damian.smakulski.Transactional-Key-Value-Store";
				PRODUCT_NAME = "$(TARGET_NAME)";
				SDKROOT = auto;
				SUPPORTED_PLATFORMS = "iphoneos iphonesimulator macosx";
				SWIFT_EMIT_LOC_STRINGS = YES;
				SWIFT_VERSION = 5.0;
				TARGETED_DEVICE_FAMILY = "1,2";
			};
			name = Debug;
		};
		1762C7F029D04486004CC9F7 /* Release */ = {
			isa = XCBuildConfiguration;
			buildSettings = {
				ASSETCATALOG_COMPILER_APPICON_NAME = AppIcon;
				ASSETCATALOG_COMPILER_GLOBAL_ACCENT_COLOR_NAME = AccentColor;
				CODE_SIGN_ENTITLEMENTS = "Transactional-Key-Value-Store/Transactional_Key_Value_Store.entitlements";
				CODE_SIGN_STYLE = Automatic;
				CURRENT_PROJECT_VERSION = 1;
				DEVELOPMENT_ASSET_PATHS = "\"Transactional-Key-Value-Store/Preview Content\"";
				ENABLE_PREVIEWS = YES;
				GENERATE_INFOPLIST_FILE = YES;
				"INFOPLIST_KEY_UIApplicationSceneManifest_Generation[sdk=iphoneos*]" = YES;
				"INFOPLIST_KEY_UIApplicationSceneManifest_Generation[sdk=iphonesimulator*]" = YES;
				"INFOPLIST_KEY_UIApplicationSupportsIndirectInputEvents[sdk=iphoneos*]" = YES;
				"INFOPLIST_KEY_UIApplicationSupportsIndirectInputEvents[sdk=iphonesimulator*]" = YES;
				"INFOPLIST_KEY_UILaunchScreen_Generation[sdk=iphoneos*]" = YES;
				"INFOPLIST_KEY_UILaunchScreen_Generation[sdk=iphonesimulator*]" = YES;
				"INFOPLIST_KEY_UIStatusBarStyle[sdk=iphoneos*]" = UIStatusBarStyleDefault;
				"INFOPLIST_KEY_UIStatusBarStyle[sdk=iphonesimulator*]" = UIStatusBarStyleDefault;
				INFOPLIST_KEY_UISupportedInterfaceOrientations_iPad = "UIInterfaceOrientationPortrait UIInterfaceOrientationPortraitUpsideDown UIInterfaceOrientationLandscapeLeft UIInterfaceOrientationLandscapeRight";
				INFOPLIST_KEY_UISupportedInterfaceOrientations_iPhone = "UIInterfaceOrientationPortrait UIInterfaceOrientationLandscapeLeft UIInterfaceOrientationLandscapeRight";
				IPHONEOS_DEPLOYMENT_TARGET = 16.2;
				LD_RUNPATH_SEARCH_PATHS = "@executable_path/Frameworks";
				"LD_RUNPATH_SEARCH_PATHS[sdk=macosx*]" = "@executable_path/../Frameworks";
				MACOSX_DEPLOYMENT_TARGET = 12.6;
				MARKETING_VERSION = 1.0;
				PRODUCT_BUNDLE_IDENTIFIER = "damian.smakulski.Transactional-Key-Value-Store";
				PRODUCT_NAME = "$(TARGET_NAME)";
				SDKROOT = auto;
				SUPPORTED_PLATFORMS = "iphoneos iphonesimulator macosx";
				SWIFT_EMIT_LOC_STRINGS = YES;
				SWIFT_VERSION = 5.0;
				TARGETED_DEVICE_FAMILY = "1,2";
			};
			name = Release;
		};
		1762C7F229D04486004CC9F7 /* Debug */ = {
			isa = XCBuildConfiguration;
			buildSettings = {
				ALWAYS_EMBED_SWIFT_STANDARD_LIBRARIES = YES;
				BUNDLE_LOADER = "$(TEST_HOST)";
				CODE_SIGN_STYLE = Automatic;
				CURRENT_PROJECT_VERSION = 1;
				GENERATE_INFOPLIST_FILE = YES;
				IPHONEOS_DEPLOYMENT_TARGET = 16.2;
				MACOSX_DEPLOYMENT_TARGET = 12.6;
				MARKETING_VERSION = 1.0;
				PRODUCT_BUNDLE_IDENTIFIER = "damian.smakulski.Transactional-Key-Value-StoreTests";
				PRODUCT_NAME = "$(TARGET_NAME)";
				SDKROOT = auto;
				SUPPORTED_PLATFORMS = "iphoneos iphonesimulator macosx";
				SWIFT_EMIT_LOC_STRINGS = NO;
				SWIFT_VERSION = 5.0;
				TARGETED_DEVICE_FAMILY = "1,2";
				TEST_HOST = "$(BUILT_PRODUCTS_DIR)/Transactional-Key-Value-Store.app/$(BUNDLE_EXECUTABLE_FOLDER_PATH)/Transactional-Key-Value-Store";
			};
			name = Debug;
		};
		1762C7F329D04486004CC9F7 /* Release */ = {
			isa = XCBuildConfiguration;
			buildSettings = {
				ALWAYS_EMBED_SWIFT_STANDARD_LIBRARIES = YES;
				BUNDLE_LOADER = "$(TEST_HOST)";
				CODE_SIGN_STYLE = Automatic;
				CURRENT_PROJECT_VERSION = 1;
				GENERATE_INFOPLIST_FILE = YES;
				IPHONEOS_DEPLOYMENT_TARGET = 16.2;
				MACOSX_DEPLOYMENT_TARGET = 12.6;
				MARKETING_VERSION = 1.0;
				PRODUCT_BUNDLE_IDENTIFIER = "damian.smakulski.Transactional-Key-Value-StoreTests";
				PRODUCT_NAME = "$(TARGET_NAME)";
				SDKROOT = auto;
				SUPPORTED_PLATFORMS = "iphoneos iphonesimulator macosx";
				SWIFT_EMIT_LOC_STRINGS = NO;
				SWIFT_VERSION = 5.0;
				TARGETED_DEVICE_FAMILY = "1,2";
				TEST_HOST = "$(BUILT_PRODUCTS_DIR)/Transactional-Key-Value-Store.app/$(BUNDLE_EXECUTABLE_FOLDER_PATH)/Transactional-Key-Value-Store";
			};
			name = Release;
		};
/* End XCBuildConfiguration section */

/* Begin XCConfigurationList section */
		1762C7C429D04485004CC9F7 /* Build configuration list for PBXProject "Transactional-Key-Value-Store" */ = {
			isa = XCConfigurationList;
			buildConfigurations = (
				1762C7EC29D04486004CC9F7 /* Debug */,
				1762C7ED29D04486004CC9F7 /* Release */,
			);
			defaultConfigurationIsVisible = 0;
			defaultConfigurationName = Release;
		};
		1762C7EE29D04486004CC9F7 /* Build configuration list for PBXNativeTarget "Transactional-Key-Value-Store" */ = {
			isa = XCConfigurationList;
			buildConfigurations = (
				1762C7EF29D04486004CC9F7 /* Debug */,
				1762C7F029D04486004CC9F7 /* Release */,
			);
			defaultConfigurationIsVisible = 0;
			defaultConfigurationName = Release;
		};
		1762C7F129D04486004CC9F7 /* Build configuration list for PBXNativeTarget "Transactional-Key-Value-StoreTests" */ = {
			isa = XCConfigurationList;
			buildConfigurations = (
				1762C7F229D04486004CC9F7 /* Debug */,
				1762C7F329D04486004CC9F7 /* Release */,
			);
			defaultConfigurationIsVisible = 0;
			defaultConfigurationName = Release;
		};
/* End XCConfigurationList section */
	};
	rootObject = 1762C7C129D04485004CC9F7 /* Project object */;
}
